// !$*UTF8*$!
{
	archiveVersion = 1;
	classes = {
	};
	objectVersion = 77;
	objects = {

/* Begin PBXBuildFile section */
		007AA72398C163EE43F732D2 /* VLCCameraFeed.swift in Sources */ = {isa = PBXBuildFile; fileRef = ADEBFF36646A2ECB61B04F33 /* VLCCameraFeed.swift */; };
		0A2274DC8B4E7E9B301C33A2 /* PrintActivityAttributes.swift in Sources */ = {isa = PBXBuildFile; fileRef = 8E70DDBC904B734FBBB17271 /* PrintActivityAttributes.swift */; };
		0E245E236604EDABE5D36FD2 /* GatewayClient.swift in Sources */ = {isa = PBXBuildFile; fileRef = CE3B5CC1FCEEEE3F3845ADEC /* GatewayClient.swift */; };
		1608695E345525305EF5A5C4 /* MultipartFormDataTests.swift in Sources */ = {isa = PBXBuildFile; fileRef = A7EB13728279F3D3F30A9151 /* MultipartFormDataTests.swift */; };
		160AB3CC8EC474155F80A170 /* ShareViewController.swift in Sources */ = {isa = PBXBuildFile; fileRef = 68FD23DF97AF009395F22F1E /* ShareViewController.swift */; };
		162927F10FBBE5F4B42564AA /* ToastCenter.swift in Sources */ = {isa = PBXBuildFile; fileRef = BB2F9E774CDDFF1ABAEFCB11 /* ToastCenter.swift */; };
		213CC43D8270AE62370EF492 /* DashboardColors.swift in Sources */ = {isa = PBXBuildFile; fileRef = A3234ED4CB1DEBAF20C20912 /* DashboardColors.swift */; };
		2291CCBDE336DA4AED20DE24 /* PrintLiveActivity.swift in Sources */ = {isa = PBXBuildFile; fileRef = CE9094B53DAFDF244C615D34 /* PrintLiveActivity.swift */; };
		2B35F0A7CBA771FDD9C87DE0 /* CameraFeedView.swift in Sources */ = {isa = PBXBuildFile; fileRef = 60EEE74AFB6EC29279BA25F4 /* CameraFeedView.swift */; };
		3170F3853AFAEC0D89898D09 /* AMSTrayCard.swift in Sources */ = {isa = PBXBuildFile; fileRef = A90C3D6C3090D51A24960C1F /* AMSTrayCard.swift */; };
		4276A894BB7CE53680394377 /* AppSettingsStoreCameraTests.swift in Sources */ = {isa = PBXBuildFile; fileRef = 36C28A77CC578F19C3B443A8 /* AppSettingsStoreCameraTests.swift */; };
		44B56515793C2BB83F5F6D4A /* PrintEstimateFormatters.swift in Sources */ = {isa = PBXBuildFile; fileRef = 2B9A2C955FDC5D3DCDDE04AE /* PrintEstimateFormatters.swift */; };
		49397CEDE4D75E47854A886C /* PrinterOfflineCard.swift in Sources */ = {isa = PBXBuildFile; fileRef = B1A82C8C3C49F519579B64E2 /* PrinterOfflineCard.swift */; };
		4C1A529AD33EE2A149CD9C0E /* PrinterTab.swift in Sources */ = {isa = PBXBuildFile; fileRef = 2ACB1A998B04E9E9154760AE /* PrinterTab.swift */; };
		5096C194622EACD881757599 /* PrintProgressCard.swift in Sources */ = {isa = PBXBuildFile; fileRef = C0CACA553E0D70F489079E05 /* PrintProgressCard.swift */; };
		518938796FA05AE905D80267 /* ThreeMFReader.swift in Sources */ = {isa = PBXBuildFile; fileRef = FFEEE185FB42B56E8BD094C5 /* ThreeMFReader.swift */; };
		531A4B62990B0E7E59F76C06 /* ToastOverlay.swift in Sources */ = {isa = PBXBuildFile; fileRef = B52D3475F8383A6C96754E03 /* ToastOverlay.swift */; };
		5862EC8951FC76F6FA97B697 /* PrintControlsRow.swift in Sources */ = {isa = PBXBuildFile; fileRef = 32780EC48A776B886BDB8B31 /* PrintControlsRow.swift */; };
		5B1DAF338F92BE18208DB698 /* MakerWorldBrowserView.swift in Sources */ = {isa = PBXBuildFile; fileRef = 3B46FA0BBEC43DF398153A59 /* MakerWorldBrowserView.swift */; };
		5B72FB38118F24AE0B84611B /* PrintEstimationFormattingTests.swift in Sources */ = {isa = PBXBuildFile; fileRef = 7FFB4F3826F66CCF3B3483F4 /* PrintEstimationFormattingTests.swift */; };
		6326A5843953FCC43B8311EB /* MultipartFormData.swift in Sources */ = {isa = PBXBuildFile; fileRef = 95B3B7F980C0E0EC50EEE372 /* MultipartFormData.swift */; };
		67618F9E9456EA482EB1ADB0 /* PrintEstimateDecodingTests.swift in Sources */ = {isa = PBXBuildFile; fileRef = CFF25855CE5E2F502E04B737 /* PrintEstimateDecodingTests.swift */; };
		6D6F831E399F8EF5C49D1B81 /* GCodePreview in Frameworks */ = {isa = PBXBuildFile; productRef = 85BFD403F2AE24BB83C64D31 /* GCodePreview */; };
		6F950FB8F2C074ABCF15B58F /* BambuTCPJPEGFeed.swift in Sources */ = {isa = PBXBuildFile; fileRef = 2CD1B0E2E27437689C3D753A /* BambuTCPJPEGFeed.swift */; };
		70CCAF8C0F42A532EBBB3A10 /* AppSettingsStore.swift in Sources */ = {isa = PBXBuildFile; fileRef = 9C133CBD53A0F28997154461 /* AppSettingsStore.swift */; };
		722C07A2FE9F8D32DA14CC11 /* PrintTab.swift in Sources */ = {isa = PBXBuildFile; fileRef = 25AA0EB97886F4C8EB4AC476 /* PrintTab.swift */; };
		7BF05FE867DD814C8E22E0F6 /* CameraFeedController.swift in Sources */ = {isa = PBXBuildFile; fileRef = 753276AADA566A39C55576DC /* CameraFeedController.swift */; };
		7FBB60D7C763B1731A6A7368 /* PrinterStatusCard.swift in Sources */ = {isa = PBXBuildFile; fileRef = C86D1F00D0E5D21411935A5E /* PrinterStatusCard.swift */; };
		80CA2FC95EFD1FA78A919DB4 /* CameraFeed.swift in Sources */ = {isa = PBXBuildFile; fileRef = CF802CF901C59D7640A13BBF /* CameraFeed.swift */; };
		91FB314780FCE460E7C2F783 /* PushService.swift in Sources */ = {isa = PBXBuildFile; fileRef = BC2E5A494F474B1D3D2EF4B7 /* PushService.swift */; };
		928BE6B468C5B40955A3B029 /* StatusRow.swift in Sources */ = {isa = PBXBuildFile; fileRef = 244EB95AFE2F67045E60788A /* StatusRow.swift */; };
		96620D20C294E0F910E6ADA9 /* BambuGatewayTests.swift in Sources */ = {isa = PBXBuildFile; fileRef = 5BEBF1713CA6AF40B8331BFA /* BambuGatewayTests.swift */; };
		9838CAA375A45D38455D0394 /* SpeedPickerSheet.swift in Sources */ = {isa = PBXBuildFile; fileRef = 450020B566A6C67BC3D57DE2 /* SpeedPickerSheet.swift */; };
		9D2578A0C71EFA277009170A /* PrinterStatusCameraDecodingTests.swift in Sources */ = {isa = PBXBuildFile; fileRef = C0EEE85F6636C62884235109 /* PrinterStatusCameraDecodingTests.swift */; };
		9FC430EBE5876AB11F4B47C0 /* BambuPrinterCameraFeed.swift in Sources */ = {isa = PBXBuildFile; fileRef = 7F5F9FAB3657817D9E6CE4EF /* BambuPrinterCameraFeed.swift */; };
		A7F2C0EA5DD4EFA272D034BC /* MobileVLCKit in Frameworks */ = {isa = PBXBuildFile; productRef = 4E1548E9D0BF21D3D57713BE /* MobileVLCKit */; };
		AB2066B52591F2C3AADD9BC1 /* CameraTab.swift in Sources */ = {isa = PBXBuildFile; fileRef = 8C9036F5C817DB069A0DD120 /* CameraTab.swift */; };
		ABA318F3B31BE90C35C19873 /* PrintEstimate.swift in Sources */ = {isa = PBXBuildFile; fileRef = 93846A9BFBDF5AA0EF917D85 /* PrintEstimate.swift */; };
		B112E90578486CB35D2277BA /* ContentView.swift in Sources */ = {isa = PBXBuildFile; fileRef = DBEBCED8EAF681F59258D749 /* ContentView.swift */; };
		B30AD4F02ACBB47DD4CAB1AF /* PrintActivityAttributes.swift in Sources */ = {isa = PBXBuildFile; fileRef = 8E70DDBC904B734FBBB17271 /* PrintActivityAttributes.swift */; };
		B51A97CC26FA4B7FEBBF3C93 /* ChamberLightToggle.swift in Sources */ = {isa = PBXBuildFile; fileRef = B61A51F8709BB1DDABDC3650 /* ChamberLightToggle.swift */; };
		B5431F4CFCEB61B700345680 /* LiveActivityExtension.appex in Embed Foundation Extensions */ = {isa = PBXBuildFile; fileRef = CAD2B6571B7210AD007472D2 /* LiveActivityExtension.appex */; settings = {ATTRIBUTES = (RemoveHeadersOnCopy, ); }; };
		BACEC0C3302612B1C7A21088 /* ShareExtension.appex in Embed Foundation Extensions */ = {isa = PBXBuildFile; fileRef = 8E99C2EC57D9D732AF5FC476 /* ShareExtension.appex */; settings = {ATTRIBUTES = (RemoveHeadersOnCopy, ); }; };
		C12344BE79B9169E1A13F066 /* Assets.xcassets in Resources */ = {isa = PBXBuildFile; fileRef = 9A064996EB0DA8288274EC27 /* Assets.xcassets */; };
		C44AE3E1C219190C0B100AD0 /* LiveActivityService.swift in Sources */ = {isa = PBXBuildFile; fileRef = BAE8CE9E59006DF49C051762 /* LiveActivityService.swift */; };
		C880911BE8A314F7BB1CCA8A /* PrintEstimationCard.swift in Sources */ = {isa = PBXBuildFile; fileRef = BD79F6C355656BD9DEEBFF85 /* PrintEstimationCard.swift */; };
		C9B3C4A8EF610EBC59EEDCB2 /* BambuGatewayApp.swift in Sources */ = {isa = PBXBuildFile; fileRef = 9D5542807513C5701CF0BC3D /* BambuGatewayApp.swift */; };
		CA1468A89E6DEFF522781031 /* GCodePreviewModal.swift in Sources */ = {isa = PBXBuildFile; fileRef = C5AFFC06CAC383459918EF95 /* GCodePreviewModal.swift */; };
		CAD4B96276AAC8B63ADE3B20 /* NotificationService.swift in Sources */ = {isa = PBXBuildFile; fileRef = 596B45CE6BCC0F808017F737 /* NotificationService.swift */; };
		CB3388B447DBAD970B907E6B /* AppViewModel.swift in Sources */ = {isa = PBXBuildFile; fileRef = 9DB60428FD52299388786225 /* AppViewModel.swift */; };
		DAA6A261BF169E58D43A32F6 /* SettingsView.swift in Sources */ = {isa = PBXBuildFile; fileRef = 97E5B232DEE3A55BBBF52FD7 /* SettingsView.swift */; };
		DB447D27A007346EA8C32B6D /* PrintSuccessModal.swift in Sources */ = {isa = PBXBuildFile; fileRef = 000CC4A4B6BBD8DE7A68CF34 /* PrintSuccessModal.swift */; };
		E47A2305B530F74D478F50A1 /* AppDelegate.swift in Sources */ = {isa = PBXBuildFile; fileRef = 0F1801F617DE01B7AC244E3E /* AppDelegate.swift */; };
		F6321079052D62AF783281E5 /* GatewayModels.swift in Sources */ = {isa = PBXBuildFile; fileRef = 47F98F122F17587AC06D257D /* GatewayModels.swift */; };
		F825FBCBD5B632A2E4E11F16 /* LiveActivityBundle.swift in Sources */ = {isa = PBXBuildFile; fileRef = 863502189CB276B2AC75D17C /* LiveActivityBundle.swift */; };
		FF0C43E3125D3E6BC03C045D /* FullscreenCameraView.swift in Sources */ = {isa = PBXBuildFile; fileRef = AAEA5D10A84F7C4C1D764BAF /* FullscreenCameraView.swift */; };
/* End PBXBuildFile section */

/* Begin PBXContainerItemProxy section */
		132FC0E9E209FACCA1222825 /* PBXContainerItemProxy */ = {
			isa = PBXContainerItemProxy;
			containerPortal = 77B531BC7B6BA85A43566826 /* Project object */;
			proxyType = 1;
			remoteGlobalIDString = C98CDF8A8045B91E83D80307;
			remoteInfo = ShareExtension;
		};
		652356FD60DECD9A62F777B5 /* PBXContainerItemProxy */ = {
			isa = PBXContainerItemProxy;
			containerPortal = 77B531BC7B6BA85A43566826 /* Project object */;
			proxyType = 1;
			remoteGlobalIDString = 07C306B2D5C9BA8E92175590;
			remoteInfo = BambuGateway;
		};
		741F9487ADD8E701B5D0C75B /* PBXContainerItemProxy */ = {
			isa = PBXContainerItemProxy;
			containerPortal = 77B531BC7B6BA85A43566826 /* Project object */;
			proxyType = 1;
			remoteGlobalIDString = 31529554D8DA0DB5FB58CFBE;
			remoteInfo = LiveActivityExtension;
		};
/* End PBXContainerItemProxy section */

/* Begin PBXCopyFilesBuildPhase section */
		63C04EFF6632C9075D427736 /* Embed Foundation Extensions */ = {
			isa = PBXCopyFilesBuildPhase;
			buildActionMask = 2147483647;
			dstPath = "";
			dstSubfolderSpec = 13;
			files = (
				BACEC0C3302612B1C7A21088 /* ShareExtension.appex in Embed Foundation Extensions */,
				B5431F4CFCEB61B700345680 /* LiveActivityExtension.appex in Embed Foundation Extensions */,
			);
			name = "Embed Foundation Extensions";
			runOnlyForDeploymentPostprocessing = 0;
		};
/* End PBXCopyFilesBuildPhase section */

/* Begin PBXFileReference section */
		000CC4A4B6BBD8DE7A68CF34 /* PrintSuccessModal.swift */ = {isa = PBXFileReference; lastKnownFileType = sourcecode.swift; path = PrintSuccessModal.swift; sourceTree = "<group>"; };
		04CB9E2D394BC045B08ADAC9 /* Info.plist */ = {isa = PBXFileReference; lastKnownFileType = text.plist; path = Info.plist; sourceTree = "<group>"; };
		0F1801F617DE01B7AC244E3E /* AppDelegate.swift */ = {isa = PBXFileReference; lastKnownFileType = sourcecode.swift; path = AppDelegate.swift; sourceTree = "<group>"; };
		1F95784351CF8ED3265FC5AF /* BambuGateway.app */ = {isa = PBXFileReference; includeInIndex = 0; lastKnownFileType = wrapper.application; path = BambuGateway.app; sourceTree = BUILT_PRODUCTS_DIR; };
		244EB95AFE2F67045E60788A /* StatusRow.swift */ = {isa = PBXFileReference; lastKnownFileType = sourcecode.swift; path = StatusRow.swift; sourceTree = "<group>"; };
		25AA0EB97886F4C8EB4AC476 /* PrintTab.swift */ = {isa = PBXFileReference; lastKnownFileType = sourcecode.swift; path = PrintTab.swift; sourceTree = "<group>"; };
		2ACB1A998B04E9E9154760AE /* PrinterTab.swift */ = {isa = PBXFileReference; lastKnownFileType = sourcecode.swift; path = PrinterTab.swift; sourceTree = "<group>"; };
		2B9A2C955FDC5D3DCDDE04AE /* PrintEstimateFormatters.swift */ = {isa = PBXFileReference; lastKnownFileType = sourcecode.swift; path = PrintEstimateFormatters.swift; sourceTree = "<group>"; };
		2CD1B0E2E27437689C3D753A /* BambuTCPJPEGFeed.swift */ = {isa = PBXFileReference; lastKnownFileType = sourcecode.swift; path = BambuTCPJPEGFeed.swift; sourceTree = "<group>"; };
		32780EC48A776B886BDB8B31 /* PrintControlsRow.swift */ = {isa = PBXFileReference; lastKnownFileType = sourcecode.swift; path = PrintControlsRow.swift; sourceTree = "<group>"; };
		36C28A77CC578F19C3B443A8 /* AppSettingsStoreCameraTests.swift */ = {isa = PBXFileReference; lastKnownFileType = sourcecode.swift; path = AppSettingsStoreCameraTests.swift; sourceTree = "<group>"; };
		3B46FA0BBEC43DF398153A59 /* MakerWorldBrowserView.swift */ = {isa = PBXFileReference; lastKnownFileType = sourcecode.swift; path = MakerWorldBrowserView.swift; sourceTree = "<group>"; };
		450020B566A6C67BC3D57DE2 /* SpeedPickerSheet.swift */ = {isa = PBXFileReference; lastKnownFileType = sourcecode.swift; path = SpeedPickerSheet.swift; sourceTree = "<group>"; };
		47F98F122F17587AC06D257D /* GatewayModels.swift */ = {isa = PBXFileReference; lastKnownFileType = sourcecode.swift; path = GatewayModels.swift; sourceTree = "<group>"; };
		596B45CE6BCC0F808017F737 /* NotificationService.swift */ = {isa = PBXFileReference; lastKnownFileType = sourcecode.swift; path = NotificationService.swift; sourceTree = "<group>"; };
		5BEBF1713CA6AF40B8331BFA /* BambuGatewayTests.swift */ = {isa = PBXFileReference; lastKnownFileType = sourcecode.swift; path = BambuGatewayTests.swift; sourceTree = "<group>"; };
		60EEE74AFB6EC29279BA25F4 /* CameraFeedView.swift */ = {isa = PBXFileReference; lastKnownFileType = sourcecode.swift; path = CameraFeedView.swift; sourceTree = "<group>"; };
		68FD23DF97AF009395F22F1E /* ShareViewController.swift */ = {isa = PBXFileReference; lastKnownFileType = sourcecode.swift; path = ShareViewController.swift; sourceTree = "<group>"; };
		6C9FBB06FD1BF1F413BFE6C8 /* BambuGatewayTests.xctest */ = {isa = PBXFileReference; includeInIndex = 0; lastKnownFileType = wrapper.cfbundle; path = BambuGatewayTests.xctest; sourceTree = BUILT_PRODUCTS_DIR; };
		6DAA1E9A81B3A274FD5044DD /* Info.plist */ = {isa = PBXFileReference; lastKnownFileType = text.plist; path = Info.plist; sourceTree = "<group>"; };
		753276AADA566A39C55576DC /* CameraFeedController.swift */ = {isa = PBXFileReference; lastKnownFileType = sourcecode.swift; path = CameraFeedController.swift; sourceTree = "<group>"; };
		7E8DBA7CCF6FB1ACEDDE1120 /* Info.plist */ = {isa = PBXFileReference; lastKnownFileType = text.plist; path = Info.plist; sourceTree = "<group>"; };
		7F5F9FAB3657817D9E6CE4EF /* BambuPrinterCameraFeed.swift */ = {isa = PBXFileReference; lastKnownFileType = sourcecode.swift; path = BambuPrinterCameraFeed.swift; sourceTree = "<group>"; };
		7FFB4F3826F66CCF3B3483F4 /* PrintEstimationFormattingTests.swift */ = {isa = PBXFileReference; lastKnownFileType = sourcecode.swift; path = PrintEstimationFormattingTests.swift; sourceTree = "<group>"; };
		863502189CB276B2AC75D17C /* LiveActivityBundle.swift */ = {isa = PBXFileReference; lastKnownFileType = sourcecode.swift; path = LiveActivityBundle.swift; sourceTree = "<group>"; };
		8C9036F5C817DB069A0DD120 /* CameraTab.swift */ = {isa = PBXFileReference; lastKnownFileType = sourcecode.swift; path = CameraTab.swift; sourceTree = "<group>"; };
		8E70DDBC904B734FBBB17271 /* PrintActivityAttributes.swift */ = {isa = PBXFileReference; lastKnownFileType = sourcecode.swift; path = PrintActivityAttributes.swift; sourceTree = "<group>"; };
		8E99C2EC57D9D732AF5FC476 /* ShareExtension.appex */ = {isa = PBXFileReference; includeInIndex = 0; lastKnownFileType = "wrapper.app-extension"; path = ShareExtension.appex; sourceTree = BUILT_PRODUCTS_DIR; };
		93846A9BFBDF5AA0EF917D85 /* PrintEstimate.swift */ = {isa = PBXFileReference; lastKnownFileType = sourcecode.swift; path = PrintEstimate.swift; sourceTree = "<group>"; };
		95B3B7F980C0E0EC50EEE372 /* MultipartFormData.swift */ = {isa = PBXFileReference; lastKnownFileType = sourcecode.swift; path = MultipartFormData.swift; sourceTree = "<group>"; };
		97E5B232DEE3A55BBBF52FD7 /* SettingsView.swift */ = {isa = PBXFileReference; lastKnownFileType = sourcecode.swift; path = SettingsView.swift; sourceTree = "<group>"; };
		9A064996EB0DA8288274EC27 /* Assets.xcassets */ = {isa = PBXFileReference; lastKnownFileType = folder.assetcatalog; path = Assets.xcassets; sourceTree = "<group>"; };
		9C133CBD53A0F28997154461 /* AppSettingsStore.swift */ = {isa = PBXFileReference; lastKnownFileType = sourcecode.swift; path = AppSettingsStore.swift; sourceTree = "<group>"; };
		9D5542807513C5701CF0BC3D /* BambuGatewayApp.swift */ = {isa = PBXFileReference; lastKnownFileType = sourcecode.swift; path = BambuGatewayApp.swift; sourceTree = "<group>"; };
		9DB60428FD52299388786225 /* AppViewModel.swift */ = {isa = PBXFileReference; lastKnownFileType = sourcecode.swift; path = AppViewModel.swift; sourceTree = "<group>"; };
		A3234ED4CB1DEBAF20C20912 /* DashboardColors.swift */ = {isa = PBXFileReference; lastKnownFileType = sourcecode.swift; path = DashboardColors.swift; sourceTree = "<group>"; };
		A7EB13728279F3D3F30A9151 /* MultipartFormDataTests.swift */ = {isa = PBXFileReference; lastKnownFileType = sourcecode.swift; path = MultipartFormDataTests.swift; sourceTree = "<group>"; };
		A90C3D6C3090D51A24960C1F /* AMSTrayCard.swift */ = {isa = PBXFileReference; lastKnownFileType = sourcecode.swift; path = AMSTrayCard.swift; sourceTree = "<group>"; };
		AAEA5D10A84F7C4C1D764BAF /* FullscreenCameraView.swift */ = {isa = PBXFileReference; lastKnownFileType = sourcecode.swift; path = FullscreenCameraView.swift; sourceTree = "<group>"; };
		ADEBFF36646A2ECB61B04F33 /* VLCCameraFeed.swift */ = {isa = PBXFileReference; lastKnownFileType = sourcecode.swift; path = VLCCameraFeed.swift; sourceTree = "<group>"; };
		B1A82C8C3C49F519579B64E2 /* PrinterOfflineCard.swift */ = {isa = PBXFileReference; lastKnownFileType = sourcecode.swift; path = PrinterOfflineCard.swift; sourceTree = "<group>"; };
		B52D3475F8383A6C96754E03 /* ToastOverlay.swift */ = {isa = PBXFileReference; lastKnownFileType = sourcecode.swift; path = ToastOverlay.swift; sourceTree = "<group>"; };
		B61A51F8709BB1DDABDC3650 /* ChamberLightToggle.swift */ = {isa = PBXFileReference; lastKnownFileType = sourcecode.swift; path = ChamberLightToggle.swift; sourceTree = "<group>"; };
		BAE8CE9E59006DF49C051762 /* LiveActivityService.swift */ = {isa = PBXFileReference; lastKnownFileType = sourcecode.swift; path = LiveActivityService.swift; sourceTree = "<group>"; };
		BB2F9E774CDDFF1ABAEFCB11 /* ToastCenter.swift */ = {isa = PBXFileReference; lastKnownFileType = sourcecode.swift; path = ToastCenter.swift; sourceTree = "<group>"; };
		BB6EAF5F859F19DD2BA7568F /* Base.xcconfig */ = {isa = PBXFileReference; lastKnownFileType = text.xcconfig; path = Base.xcconfig; sourceTree = "<group>"; };
		BC2E5A494F474B1D3D2EF4B7 /* PushService.swift */ = {isa = PBXFileReference; lastKnownFileType = sourcecode.swift; path = PushService.swift; sourceTree = "<group>"; };
		BD79F6C355656BD9DEEBFF85 /* PrintEstimationCard.swift */ = {isa = PBXFileReference; lastKnownFileType = sourcecode.swift; path = PrintEstimationCard.swift; sourceTree = "<group>"; };
		C0CACA553E0D70F489079E05 /* PrintProgressCard.swift */ = {isa = PBXFileReference; lastKnownFileType = sourcecode.swift; path = PrintProgressCard.swift; sourceTree = "<group>"; };
		C0EEE85F6636C62884235109 /* PrinterStatusCameraDecodingTests.swift */ = {isa = PBXFileReference; lastKnownFileType = sourcecode.swift; path = PrinterStatusCameraDecodingTests.swift; sourceTree = "<group>"; };
		C5AFFC06CAC383459918EF95 /* GCodePreviewModal.swift */ = {isa = PBXFileReference; lastKnownFileType = sourcecode.swift; path = GCodePreviewModal.swift; sourceTree = "<group>"; };
		C86D1F00D0E5D21411935A5E /* PrinterStatusCard.swift */ = {isa = PBXFileReference; lastKnownFileType = sourcecode.swift; path = PrinterStatusCard.swift; sourceTree = "<group>"; };
		CAD2B6571B7210AD007472D2 /* LiveActivityExtension.appex */ = {isa = PBXFileReference; includeInIndex = 0; lastKnownFileType = "wrapper.app-extension"; path = LiveActivityExtension.appex; sourceTree = BUILT_PRODUCTS_DIR; };
		CE3B5CC1FCEEEE3F3845ADEC /* GatewayClient.swift */ = {isa = PBXFileReference; lastKnownFileType = sourcecode.swift; path = GatewayClient.swift; sourceTree = "<group>"; };
		CE9094B53DAFDF244C615D34 /* PrintLiveActivity.swift */ = {isa = PBXFileReference; lastKnownFileType = sourcecode.swift; path = PrintLiveActivity.swift; sourceTree = "<group>"; };
		CF802CF901C59D7640A13BBF /* CameraFeed.swift */ = {isa = PBXFileReference; lastKnownFileType = sourcecode.swift; path = CameraFeed.swift; sourceTree = "<group>"; };
		CFF25855CE5E2F502E04B737 /* PrintEstimateDecodingTests.swift */ = {isa = PBXFileReference; lastKnownFileType = sourcecode.swift; path = PrintEstimateDecodingTests.swift; sourceTree = "<group>"; };
		DBEBCED8EAF681F59258D749 /* ContentView.swift */ = {isa = PBXFileReference; lastKnownFileType = sourcecode.swift; path = ContentView.swift; sourceTree = "<group>"; };
		E9D461E5634BC80B7C37747F /* BambuGateway.entitlements */ = {isa = PBXFileReference; lastKnownFileType = text.plist.entitlements; path = BambuGateway.entitlements; sourceTree = "<group>"; };
		FFEEE185FB42B56E8BD094C5 /* ThreeMFReader.swift */ = {isa = PBXFileReference; lastKnownFileType = sourcecode.swift; path = ThreeMFReader.swift; sourceTree = "<group>"; };
/* End PBXFileReference section */

/* Begin PBXFrameworksBuildPhase section */
		2AE3D70E129F9B94745E3F0B /* Frameworks */ = {
			isa = PBXFrameworksBuildPhase;
			buildActionMask = 2147483647;
			files = (
				6D6F831E399F8EF5C49D1B81 /* GCodePreview in Frameworks */,
				A7F2C0EA5DD4EFA272D034BC /* MobileVLCKit in Frameworks */,
			);
			runOnlyForDeploymentPostprocessing = 0;
		};
/* End PBXFrameworksBuildPhase section */

/* Begin PBXGroup section */
		033717E448757A6938B3F57C /* Camera */ = {
			isa = PBXGroup;
			children = (
				7F5F9FAB3657817D9E6CE4EF /* BambuPrinterCameraFeed.swift */,
				2CD1B0E2E27437689C3D753A /* BambuTCPJPEGFeed.swift */,
				CF802CF901C59D7640A13BBF /* CameraFeed.swift */,
				753276AADA566A39C55576DC /* CameraFeedController.swift */,
				ADEBFF36646A2ECB61B04F33 /* VLCCameraFeed.swift */,
			);
			path = Camera;
			sourceTree = "<group>";
		};
		0AB25DCFFA9C18E411FF6066 /* LiveActivityExtension */ = {
			isa = PBXGroup;
			children = (
				6DAA1E9A81B3A274FD5044DD /* Info.plist */,
				863502189CB276B2AC75D17C /* LiveActivityBundle.swift */,
				CE9094B53DAFDF244C615D34 /* PrintLiveActivity.swift */,
			);
			path = LiveActivityExtension;
			sourceTree = "<group>";
		};
		0E248D1E45C33C0B0D50F35B /* Networking */ = {
			isa = PBXGroup;
			children = (
				CE3B5CC1FCEEEE3F3845ADEC /* GatewayClient.swift */,
				95B3B7F980C0E0EC50EEE372 /* MultipartFormData.swift */,
			);
			path = Networking;
			sourceTree = "<group>";
		};
		2457CA1C0B86D09ACE895EE4 /* Models */ = {
			isa = PBXGroup;
			children = (
				47F98F122F17587AC06D257D /* GatewayModels.swift */,
				8E70DDBC904B734FBBB17271 /* PrintActivityAttributes.swift */,
				93846A9BFBDF5AA0EF917D85 /* PrintEstimate.swift */,
			);
			path = Models;
			sourceTree = "<group>";
		};
		4949B85738896A29666DE8F1 /* App */ = {
			isa = PBXGroup;
			children = (
				0F1801F617DE01B7AC244E3E /* AppDelegate.swift */,
				9DB60428FD52299388786225 /* AppViewModel.swift */,
				9D5542807513C5701CF0BC3D /* BambuGatewayApp.swift */,
			);
			path = App;
			sourceTree = "<group>";
		};
		4B7DEF7A6DC2F87E9DEBBBFF /* Products */ = {
			isa = PBXGroup;
			children = (
				1F95784351CF8ED3265FC5AF /* BambuGateway.app */,
				6C9FBB06FD1BF1F413BFE6C8 /* BambuGatewayTests.xctest */,
				CAD2B6571B7210AD007472D2 /* LiveActivityExtension.appex */,
				8E99C2EC57D9D732AF5FC476 /* ShareExtension.appex */,
			);
			name = Products;
			sourceTree = "<group>";
		};
		79B5EFE814BB7EB4A5290D8D /* Resources */ = {
			isa = PBXGroup;
			children = (
				9A064996EB0DA8288274EC27 /* Assets.xcassets */,
			);
			path = Resources;
			sourceTree = "<group>";
		};
		7B8B7E735CE5ED862C5955D2 = {
			isa = PBXGroup;
			children = (
				FA9546B8119F5653FF13933F /* BambuGateway */,
				E34573677577835B31EE039D /* BambuGatewayTests */,
				7ED3FE26DF1B65569C58C57B /* Configuration */,
				0AB25DCFFA9C18E411FF6066 /* LiveActivityExtension */,
				E56CDDD34788FBF5F8CF0381 /* ShareExtension */,
				4B7DEF7A6DC2F87E9DEBBBFF /* Products */,
			);
			sourceTree = "<group>";
		};
		7ED3FE26DF1B65569C58C57B /* Configuration */ = {
			isa = PBXGroup;
			children = (
				BB6EAF5F859F19DD2BA7568F /* Base.xcconfig */,
			);
			path = Configuration;
			sourceTree = "<group>";
		};
		8C58D4E311418E1A5F915F33 /* Data */ = {
			isa = PBXGroup;
			children = (
				9C133CBD53A0F28997154461 /* AppSettingsStore.swift */,
			);
			path = Data;
			sourceTree = "<group>";
		};
		9BDAE05EA0C57DFE8E7377AD /* ThreeMF */ = {
			isa = PBXGroup;
			children = (
				FFEEE185FB42B56E8BD094C5 /* ThreeMFReader.swift */,
			);
			path = ThreeMF;
			sourceTree = "<group>";
		};
		BFCF654FB2646286A9DBE87D /* Camera */ = {
			isa = PBXGroup;
			children = (
				60EEE74AFB6EC29279BA25F4 /* CameraFeedView.swift */,
				8C9036F5C817DB069A0DD120 /* CameraTab.swift */,
				B61A51F8709BB1DDABDC3650 /* ChamberLightToggle.swift */,
				AAEA5D10A84F7C4C1D764BAF /* FullscreenCameraView.swift */,
			);
			path = Camera;
			sourceTree = "<group>";
		};
		CBADEE1334EBDB125AD56B65 /* Dashboard */ = {
			isa = PBXGroup;
			children = (
				A90C3D6C3090D51A24960C1F /* AMSTrayCard.swift */,
				A3234ED4CB1DEBAF20C20912 /* DashboardColors.swift */,
				32780EC48A776B886BDB8B31 /* PrintControlsRow.swift */,
				B1A82C8C3C49F519579B64E2 /* PrinterOfflineCard.swift */,
				C86D1F00D0E5D21411935A5E /* PrinterStatusCard.swift */,
				C0CACA553E0D70F489079E05 /* PrintProgressCard.swift */,
				450020B566A6C67BC3D57DE2 /* SpeedPickerSheet.swift */,
				244EB95AFE2F67045E60788A /* StatusRow.swift */,
			);
			path = Dashboard;
			sourceTree = "<group>";
		};
		D12BFF5D1AADFDEE431496E9 /* Views */ = {
			isa = PBXGroup;
			children = (
				DBEBCED8EAF681F59258D749 /* ContentView.swift */,
				C5AFFC06CAC383459918EF95 /* GCodePreviewModal.swift */,
				3B46FA0BBEC43DF398153A59 /* MakerWorldBrowserView.swift */,
				2ACB1A998B04E9E9154760AE /* PrinterTab.swift */,
				2B9A2C955FDC5D3DCDDE04AE /* PrintEstimateFormatters.swift */,
				BD79F6C355656BD9DEEBFF85 /* PrintEstimationCard.swift */,
				000CC4A4B6BBD8DE7A68CF34 /* PrintSuccessModal.swift */,
				25AA0EB97886F4C8EB4AC476 /* PrintTab.swift */,
				97E5B232DEE3A55BBBF52FD7 /* SettingsView.swift */,
				B52D3475F8383A6C96754E03 /* ToastOverlay.swift */,
				BFCF654FB2646286A9DBE87D /* Camera */,
				CBADEE1334EBDB125AD56B65 /* Dashboard */,
			);
			path = Views;
			sourceTree = "<group>";
		};
		E34573677577835B31EE039D /* BambuGatewayTests */ = {
			isa = PBXGroup;
			children = (
				36C28A77CC578F19C3B443A8 /* AppSettingsStoreCameraTests.swift */,
				5BEBF1713CA6AF40B8331BFA /* BambuGatewayTests.swift */,
				A7EB13728279F3D3F30A9151 /* MultipartFormDataTests.swift */,
				C0EEE85F6636C62884235109 /* PrinterStatusCameraDecodingTests.swift */,
				CFF25855CE5E2F502E04B737 /* PrintEstimateDecodingTests.swift */,
				7FFB4F3826F66CCF3B3483F4 /* PrintEstimationFormattingTests.swift */,
			);
			path = BambuGatewayTests;
			sourceTree = "<group>";
		};
		E56CDDD34788FBF5F8CF0381 /* ShareExtension */ = {
			isa = PBXGroup;
			children = (
				7E8DBA7CCF6FB1ACEDDE1120 /* Info.plist */,
				68FD23DF97AF009395F22F1E /* ShareViewController.swift */,
			);
			path = ShareExtension;
			sourceTree = "<group>";
		};
		E800153965F3EBCD92DBE985 /* Support */ = {
			isa = PBXGroup;
			children = (
				E9D461E5634BC80B7C37747F /* BambuGateway.entitlements */,
				04CB9E2D394BC045B08ADAC9 /* Info.plist */,
			);
			path = Support;
			sourceTree = "<group>";
		};
		F5715E5504CD4B726915D1FB /* Services */ = {
			isa = PBXGroup;
			children = (
				BAE8CE9E59006DF49C051762 /* LiveActivityService.swift */,
				596B45CE6BCC0F808017F737 /* NotificationService.swift */,
				BC2E5A494F474B1D3D2EF4B7 /* PushService.swift */,
				BB2F9E774CDDFF1ABAEFCB11 /* ToastCenter.swift */,
				033717E448757A6938B3F57C /* Camera */,
			);
			path = Services;
			sourceTree = "<group>";
		};
		FA9546B8119F5653FF13933F /* BambuGateway */ = {
			isa = PBXGroup;
			children = (
				4949B85738896A29666DE8F1 /* App */,
				8C58D4E311418E1A5F915F33 /* Data */,
				2457CA1C0B86D09ACE895EE4 /* Models */,
				0E248D1E45C33C0B0D50F35B /* Networking */,
				79B5EFE814BB7EB4A5290D8D /* Resources */,
				F5715E5504CD4B726915D1FB /* Services */,
				E800153965F3EBCD92DBE985 /* Support */,
				9BDAE05EA0C57DFE8E7377AD /* ThreeMF */,
				D12BFF5D1AADFDEE431496E9 /* Views */,
			);
			path = BambuGateway;
			sourceTree = "<group>";
		};
/* End PBXGroup section */

/* Begin PBXNativeTarget section */
		07C306B2D5C9BA8E92175590 /* BambuGateway */ = {
			isa = PBXNativeTarget;
			buildConfigurationList = 860318F84DDED47AA2DA62FD /* Build configuration list for PBXNativeTarget "BambuGateway" */;
			buildPhases = (
				8097724E4D7C44DC217B45C0 /* Sources */,
				9613F594A8004DC1BF0ADBA7 /* Resources */,
				2AE3D70E129F9B94745E3F0B /* Frameworks */,
				63C04EFF6632C9075D427736 /* Embed Foundation Extensions */,
			);
			buildRules = (
			);
			dependencies = (
				3857027E8E1C9C9721A16CCB /* PBXTargetDependency */,
				21E860E2216B3017FA9A7585 /* PBXTargetDependency */,
			);
			name = BambuGateway;
			packageProductDependencies = (
				85BFD403F2AE24BB83C64D31 /* GCodePreview */,
				4E1548E9D0BF21D3D57713BE /* MobileVLCKit */,
			);
			productName = BambuGateway;
			productReference = 1F95784351CF8ED3265FC5AF /* BambuGateway.app */;
			productType = "com.apple.product-type.application";
		};
		31529554D8DA0DB5FB58CFBE /* LiveActivityExtension */ = {
			isa = PBXNativeTarget;
			buildConfigurationList = E7143E82E3A218A39DBDEA4E /* Build configuration list for PBXNativeTarget "LiveActivityExtension" */;
			buildPhases = (
				BD8A95EDC27AE96182C1368F /* Sources */,
			);
			buildRules = (
			);
			dependencies = (
			);
			name = LiveActivityExtension;
			packageProductDependencies = (
			);
			productName = LiveActivityExtension;
			productReference = CAD2B6571B7210AD007472D2 /* LiveActivityExtension.appex */;
			productType = "com.apple.product-type.app-extension";
		};
		62519C98B575259E2F3BAD29 /* BambuGatewayTests */ = {
			isa = PBXNativeTarget;
			buildConfigurationList = 0E4982F16F5B4BD6286508D1 /* Build configuration list for PBXNativeTarget "BambuGatewayTests" */;
			buildPhases = (
				36904E469B0D94D6AF5D4FAF /* Sources */,
			);
			buildRules = (
			);
			dependencies = (
				7B2E7F04FEB1BD1B3C8C073E /* PBXTargetDependency */,
			);
			name = BambuGatewayTests;
			packageProductDependencies = (
			);
			productName = BambuGatewayTests;
			productReference = 6C9FBB06FD1BF1F413BFE6C8 /* BambuGatewayTests.xctest */;
			productType = "com.apple.product-type.bundle.unit-test";
		};
		C98CDF8A8045B91E83D80307 /* ShareExtension */ = {
			isa = PBXNativeTarget;
			buildConfigurationList = EF8EF2B78283CFAA1B047AAF /* Build configuration list for PBXNativeTarget "ShareExtension" */;
			buildPhases = (
				169B9E77C8C77FB7A3543BD1 /* Sources */,
			);
			buildRules = (
			);
			dependencies = (
			);
			name = ShareExtension;
			packageProductDependencies = (
			);
			productName = ShareExtension;
			productReference = 8E99C2EC57D9D732AF5FC476 /* ShareExtension.appex */;
			productType = "com.apple.product-type.app-extension";
		};
/* End PBXNativeTarget section */

/* Begin PBXProject section */
		77B531BC7B6BA85A43566826 /* Project object */ = {
			isa = PBXProject;
			attributes = {
				BuildIndependentTargetsInParallel = YES;
				LastUpgradeCheck = 1430;
				TargetAttributes = {
					07C306B2D5C9BA8E92175590 = {
						DevelopmentTeam = "$(DEVELOPMENT_TEAM)";
						ProvisioningStyle = Automatic;
					};
					31529554D8DA0DB5FB58CFBE = {
						DevelopmentTeam = "$(DEVELOPMENT_TEAM)";
						ProvisioningStyle = Automatic;
					};
					62519C98B575259E2F3BAD29 = {
						DevelopmentTeam = "$(DEVELOPMENT_TEAM)";
						ProvisioningStyle = Automatic;
					};
					C98CDF8A8045B91E83D80307 = {
						DevelopmentTeam = "$(DEVELOPMENT_TEAM)";
						ProvisioningStyle = Automatic;
					};
				};
			};
			buildConfigurationList = 28FE0E962E93135EDAD5DF0B /* Build configuration list for PBXProject "BambuGateway" */;
			compatibilityVersion = "Xcode 14.0";
			developmentRegion = en;
			hasScannedForEncodings = 0;
			knownRegions = (
				Base,
				en,
			);
			mainGroup = 7B8B7E735CE5ED862C5955D2;
			minimizedProjectReferenceProxies = 1;
			packageReferences = (
				DD933A013442A429FFF4FB80 /* XCRemoteSwiftPackageReference "GCodePreview" */,
				A5C2CD4C597FA88745434145 /* XCRemoteSwiftPackageReference "MobileVLCKit-SPM" */,
			);
			preferredProjectObjectVersion = 77;
			projectDirPath = "";
			projectRoot = "";
			targets = (
				07C306B2D5C9BA8E92175590 /* BambuGateway */,
				62519C98B575259E2F3BAD29 /* BambuGatewayTests */,
				31529554D8DA0DB5FB58CFBE /* LiveActivityExtension */,
				C98CDF8A8045B91E83D80307 /* ShareExtension */,
			);
		};
/* End PBXProject section */

/* Begin PBXResourcesBuildPhase section */
		9613F594A8004DC1BF0ADBA7 /* Resources */ = {
			isa = PBXResourcesBuildPhase;
			buildActionMask = 2147483647;
			files = (
				C12344BE79B9169E1A13F066 /* Assets.xcassets in Resources */,
			);
			runOnlyForDeploymentPostprocessing = 0;
		};
/* End PBXResourcesBuildPhase section */

/* Begin PBXSourcesBuildPhase section */
		169B9E77C8C77FB7A3543BD1 /* Sources */ = {
			isa = PBXSourcesBuildPhase;
			buildActionMask = 2147483647;
			files = (
				160AB3CC8EC474155F80A170 /* ShareViewController.swift in Sources */,
			);
			runOnlyForDeploymentPostprocessing = 0;
		};
		36904E469B0D94D6AF5D4FAF /* Sources */ = {
			isa = PBXSourcesBuildPhase;
			buildActionMask = 2147483647;
			files = (
				4276A894BB7CE53680394377 /* AppSettingsStoreCameraTests.swift in Sources */,
				96620D20C294E0F910E6ADA9 /* BambuGatewayTests.swift in Sources */,
				1608695E345525305EF5A5C4 /* MultipartFormDataTests.swift in Sources */,
				67618F9E9456EA482EB1ADB0 /* PrintEstimateDecodingTests.swift in Sources */,
				5B72FB38118F24AE0B84611B /* PrintEstimationFormattingTests.swift in Sources */,
				9D2578A0C71EFA277009170A /* PrinterStatusCameraDecodingTests.swift in Sources */,
			);
			runOnlyForDeploymentPostprocessing = 0;
		};
		8097724E4D7C44DC217B45C0 /* Sources */ = {
			isa = PBXSourcesBuildPhase;
			buildActionMask = 2147483647;
			files = (
				3170F3853AFAEC0D89898D09 /* AMSTrayCard.swift in Sources */,
				E47A2305B530F74D478F50A1 /* AppDelegate.swift in Sources */,
				70CCAF8C0F42A532EBBB3A10 /* AppSettingsStore.swift in Sources */,
				CB3388B447DBAD970B907E6B /* AppViewModel.swift in Sources */,
				C9B3C4A8EF610EBC59EEDCB2 /* BambuGatewayApp.swift in Sources */,
				9FC430EBE5876AB11F4B47C0 /* BambuPrinterCameraFeed.swift in Sources */,
				6F950FB8F2C074ABCF15B58F /* BambuTCPJPEGFeed.swift in Sources */,
				80CA2FC95EFD1FA78A919DB4 /* CameraFeed.swift in Sources */,
				7BF05FE867DD814C8E22E0F6 /* CameraFeedController.swift in Sources */,
				2B35F0A7CBA771FDD9C87DE0 /* CameraFeedView.swift in Sources */,
				AB2066B52591F2C3AADD9BC1 /* CameraTab.swift in Sources */,
				B51A97CC26FA4B7FEBBF3C93 /* ChamberLightToggle.swift in Sources */,
				B112E90578486CB35D2277BA /* ContentView.swift in Sources */,
				213CC43D8270AE62370EF492 /* DashboardColors.swift in Sources */,
				FF0C43E3125D3E6BC03C045D /* FullscreenCameraView.swift in Sources */,
				CA1468A89E6DEFF522781031 /* GCodePreviewModal.swift in Sources */,
				0E245E236604EDABE5D36FD2 /* GatewayClient.swift in Sources */,
				F6321079052D62AF783281E5 /* GatewayModels.swift in Sources */,
				C44AE3E1C219190C0B100AD0 /* LiveActivityService.swift in Sources */,
				5B1DAF338F92BE18208DB698 /* MakerWorldBrowserView.swift in Sources */,
				6326A5843953FCC43B8311EB /* MultipartFormData.swift in Sources */,
				CAD4B96276AAC8B63ADE3B20 /* NotificationService.swift in Sources */,
				0A2274DC8B4E7E9B301C33A2 /* PrintActivityAttributes.swift in Sources */,
				5862EC8951FC76F6FA97B697 /* PrintControlsRow.swift in Sources */,
				ABA318F3B31BE90C35C19873 /* PrintEstimate.swift in Sources */,
				44B56515793C2BB83F5F6D4A /* PrintEstimateFormatters.swift in Sources */,
				C880911BE8A314F7BB1CCA8A /* PrintEstimationCard.swift in Sources */,
				5096C194622EACD881757599 /* PrintProgressCard.swift in Sources */,
				DB447D27A007346EA8C32B6D /* PrintSuccessModal.swift in Sources */,
				722C07A2FE9F8D32DA14CC11 /* PrintTab.swift in Sources */,
				49397CEDE4D75E47854A886C /* PrinterOfflineCard.swift in Sources */,
				7FBB60D7C763B1731A6A7368 /* PrinterStatusCard.swift in Sources */,
				4C1A529AD33EE2A149CD9C0E /* PrinterTab.swift in Sources */,
				91FB314780FCE460E7C2F783 /* PushService.swift in Sources */,
				DAA6A261BF169E58D43A32F6 /* SettingsView.swift in Sources */,
				9838CAA375A45D38455D0394 /* SpeedPickerSheet.swift in Sources */,
				928BE6B468C5B40955A3B029 /* StatusRow.swift in Sources */,
				518938796FA05AE905D80267 /* ThreeMFReader.swift in Sources */,
				162927F10FBBE5F4B42564AA /* ToastCenter.swift in Sources */,
				531A4B62990B0E7E59F76C06 /* ToastOverlay.swift in Sources */,
				007AA72398C163EE43F732D2 /* VLCCameraFeed.swift in Sources */,
			);
			runOnlyForDeploymentPostprocessing = 0;
		};
		BD8A95EDC27AE96182C1368F /* Sources */ = {
			isa = PBXSourcesBuildPhase;
			buildActionMask = 2147483647;
			files = (
				F825FBCBD5B632A2E4E11F16 /* LiveActivityBundle.swift in Sources */,
				B30AD4F02ACBB47DD4CAB1AF /* PrintActivityAttributes.swift in Sources */,
				2291CCBDE336DA4AED20DE24 /* PrintLiveActivity.swift in Sources */,
			);
			runOnlyForDeploymentPostprocessing = 0;
		};
/* End PBXSourcesBuildPhase section */

/* Begin PBXTargetDependency section */
		21E860E2216B3017FA9A7585 /* PBXTargetDependency */ = {
			isa = PBXTargetDependency;
			target = 31529554D8DA0DB5FB58CFBE /* LiveActivityExtension */;
			targetProxy = 741F9487ADD8E701B5D0C75B /* PBXContainerItemProxy */;
		};
		3857027E8E1C9C9721A16CCB /* PBXTargetDependency */ = {
			isa = PBXTargetDependency;
			target = C98CDF8A8045B91E83D80307 /* ShareExtension */;
			targetProxy = 132FC0E9E209FACCA1222825 /* PBXContainerItemProxy */;
		};
		7B2E7F04FEB1BD1B3C8C073E /* PBXTargetDependency */ = {
			isa = PBXTargetDependency;
			target = 07C306B2D5C9BA8E92175590 /* BambuGateway */;
			targetProxy = 652356FD60DECD9A62F777B5 /* PBXContainerItemProxy */;
		};
/* End PBXTargetDependency section */

/* Begin XCBuildConfiguration section */
		16FFD95C75DDB4007B783CF4 /* Release */ = {
			isa = XCBuildConfiguration;
			baseConfigurationReference = BB6EAF5F859F19DD2BA7568F /* Base.xcconfig */;
			buildSettings = {
				CODE_SIGN_STYLE = Automatic;
				DEVELOPMENT_TEAM = "$(DEVELOPMENT_TEAM)";
				GENERATE_INFOPLIST_FILE = NO;
				INFOPLIST_FILE = LiveActivityExtension/Info.plist;
				IPHONEOS_DEPLOYMENT_TARGET = 18.0;
				LD_RUNPATH_SEARCH_PATHS = (
					"$(inherited)",
					"@executable_path/Frameworks",
					"@executable_path/../../Frameworks",
				);
				PRODUCT_BUNDLE_IDENTIFIER = "$(LIVE_ACTIVITY_BUNDLE_ID)";
				PRODUCT_NAME = LiveActivityExtension;
				SDKROOT = iphoneos;
				SWIFT_VERSION = 5.0;
				TARGETED_DEVICE_FAMILY = "1,2";
			};
			name = Release;
		};
		23D96F97AC995A5907C16809 /* Debug */ = {
			isa = XCBuildConfiguration;
			baseConfigurationReference = BB6EAF5F859F19DD2BA7568F /* Base.xcconfig */;
			buildSettings = {
				CODE_SIGN_STYLE = Automatic;
				DEVELOPMENT_TEAM = "$(DEVELOPMENT_TEAM)";
				GENERATE_INFOPLIST_FILE = NO;
				INFOPLIST_FILE = ShareExtension/Info.plist;
				IPHONEOS_DEPLOYMENT_TARGET = 18.0;
				LD_RUNPATH_SEARCH_PATHS = (
					"$(inherited)",
					"@executable_path/Frameworks",
					"@executable_path/../../Frameworks",
				);
				PRODUCT_BUNDLE_IDENTIFIER = "$(SHARE_EXTENSION_BUNDLE_ID)";
				PRODUCT_NAME = ShareExtension;
				SDKROOT = iphoneos;
				SWIFT_VERSION = 5.0;
				TARGETED_DEVICE_FAMILY = "1,2";
			};
			name = Debug;
		};
		6A801B062AA69BD82A4DB374 /* Debug */ = {
			isa = XCBuildConfiguration;
			baseConfigurationReference = BB6EAF5F859F19DD2BA7568F /* Base.xcconfig */;
			buildSettings = {
				ASSETCATALOG_COMPILER_APPICON_NAME = AppIcon;
				ASSETCATALOG_COMPILER_GLOBAL_ACCENT_COLOR_NAME = AccentColor;
				CODE_SIGN_ENTITLEMENTS = BambuGateway/Support/BambuGateway.entitlements;
				DEVELOPMENT_TEAM = "$(DEVELOPMENT_TEAM)";
				ENABLE_USER_SCRIPT_SANDBOXING = YES;
				INFOPLIST_FILE = BambuGateway/Support/Info.plist;
				IPHONEOS_DEPLOYMENT_TARGET = 18.0;
				LD_RUNPATH_SEARCH_PATHS = (
					"$(inherited)",
					"@executable_path/Frameworks",
				);
				OTHER_LDFLAGS = (
					"-lz",
				);
				PRODUCT_NAME = BambuGateway;
				SDKROOT = iphoneos;
				SUPPORTS_MACCATALYST = NO;
				SUPPORTS_XR_DESIGNED_FOR_IPHONE_IPAD = NO;
				SWIFT_STRICT_CONCURRENCY = minimal;
				TARGETED_DEVICE_FAMILY = "1,2";
			};
			name = Debug;
		};
		7926F6C754AD45E37F4B18B5 /* Release */ = {
			isa = XCBuildConfiguration;
			buildSettings = {
				ALWAYS_SEARCH_USER_PATHS = NO;
				CLANG_ANALYZER_NONNULL = YES;
				CLANG_ANALYZER_NUMBER_OBJECT_CONVERSION = YES_AGGRESSIVE;
				CLANG_CXX_LANGUAGE_STANDARD = "gnu++14";
				CLANG_CXX_LIBRARY = "libc++";
				CLANG_ENABLE_MODULES = YES;
				CLANG_ENABLE_OBJC_ARC = YES;
				CLANG_ENABLE_OBJC_WEAK = YES;
				CLANG_WARN_BLOCK_CAPTURE_AUTORELEASING = YES;
				CLANG_WARN_BOOL_CONVERSION = YES;
				CLANG_WARN_COMMA = YES;
				CLANG_WARN_CONSTANT_CONVERSION = YES;
				CLANG_WARN_DEPRECATED_OBJC_IMPLEMENTATIONS = YES;
				CLANG_WARN_DIRECT_OBJC_ISA_USAGE = YES_ERROR;
				CLANG_WARN_DOCUMENTATION_COMMENTS = YES;
				CLANG_WARN_EMPTY_BODY = YES;
				CLANG_WARN_ENUM_CONVERSION = YES;
				CLANG_WARN_INFINITE_RECURSION = YES;
				CLANG_WARN_INT_CONVERSION = YES;
				CLANG_WARN_NON_LITERAL_NULL_CONVERSION = YES;
				CLANG_WARN_OBJC_IMPLICIT_RETAIN_SELF = YES;
				CLANG_WARN_OBJC_LITERAL_CONVERSION = YES;
				CLANG_WARN_OBJC_ROOT_CLASS = YES_ERROR;
				CLANG_WARN_QUOTED_INCLUDE_IN_FRAMEWORK_HEADER = YES;
				CLANG_WARN_RANGE_LOOP_ANALYSIS = YES;
				CLANG_WARN_STRICT_PROTOTYPES = YES;
				CLANG_WARN_SUSPICIOUS_MOVE = YES;
				CLANG_WARN_UNGUARDED_AVAILABILITY = YES_AGGRESSIVE;
				CLANG_WARN_UNREACHABLE_CODE = YES;
				CLANG_WARN__DUPLICATE_METHOD_MATCH = YES;
				CODE_SIGN_STYLE = Automatic;
				COPY_PHASE_STRIP = NO;
				CURRENT_PROJECT_VERSION = 7;
				DEBUG_INFORMATION_FORMAT = "dwarf-with-dsym";
				ENABLE_NS_ASSERTIONS = NO;
				ENABLE_STRICT_OBJC_MSGSEND = YES;
				GCC_C_LANGUAGE_STANDARD = gnu11;
				GCC_NO_COMMON_BLOCKS = YES;
				GCC_WARN_64_TO_32_BIT_CONVERSION = YES;
				GCC_WARN_ABOUT_RETURN_TYPE = YES_ERROR;
				GCC_WARN_UNDECLARED_SELECTOR = YES;
				GCC_WARN_UNINITIALIZED_AUTOS = YES_AGGRESSIVE;
				GCC_WARN_UNUSED_FUNCTION = YES;
				GCC_WARN_UNUSED_VARIABLE = YES;
				GENERATE_INFOPLIST_FILE = NO;
				INFOPLIST_FILE = BambuGateway/Support/Info.plist;
				IPHONEOS_DEPLOYMENT_TARGET = 18.0;
				MARKETING_VERSION = 1.5;
				MTL_ENABLE_DEBUG_INFO = NO;
				MTL_FAST_MATH = YES;
				PRODUCT_BUNDLE_IDENTIFIER = "$(APP_BUNDLE_ID)";
				PRODUCT_NAME = "$(TARGET_NAME)";
				SDKROOT = iphoneos;
				SWIFT_COMPILATION_MODE = wholemodule;
				SWIFT_OPTIMIZATION_LEVEL = "-O";
				SWIFT_VERSION = 5.0;
				TARGETED_DEVICE_FAMILY = "1,2";
			};
			name = Release;
		};
		804E66E514E0B3CC9C0D9282 /* Debug */ = {
			isa = XCBuildConfiguration;
			baseConfigurationReference = BB6EAF5F859F19DD2BA7568F /* Base.xcconfig */;
			buildSettings = {
				CODE_SIGN_STYLE = Automatic;
				DEVELOPMENT_TEAM = "$(DEVELOPMENT_TEAM)";
				GENERATE_INFOPLIST_FILE = NO;
				INFOPLIST_FILE = LiveActivityExtension/Info.plist;
				IPHONEOS_DEPLOYMENT_TARGET = 18.0;
				LD_RUNPATH_SEARCH_PATHS = (
					"$(inherited)",
					"@executable_path/Frameworks",
					"@executable_path/../../Frameworks",
				);
				PRODUCT_BUNDLE_IDENTIFIER = "$(LIVE_ACTIVITY_BUNDLE_ID)";
				PRODUCT_NAME = LiveActivityExtension;
				SDKROOT = iphoneos;
				SWIFT_VERSION = 5.0;
				TARGETED_DEVICE_FAMILY = "1,2";
			};
			name = Debug;
		};
		821A8ED0CEDD7F7AD259453E /* Debug */ = {
			isa = XCBuildConfiguration;
			baseConfigurationReference = BB6EAF5F859F19DD2BA7568F /* Base.xcconfig */;
			buildSettings = {
				BUNDLE_LOADER = "$(TEST_HOST)";
				DEVELOPMENT_TEAM = "$(DEVELOPMENT_TEAM)";
				GENERATE_INFOPLIST_FILE = YES;
				IPHONEOS_DEPLOYMENT_TARGET = 18.0;
				LD_RUNPATH_SEARCH_PATHS = (
					"$(inherited)",
					"@executable_path/Frameworks",
					"@loader_path/Frameworks",
				);
				PRODUCT_BUNDLE_IDENTIFIER = "$(APP_BUNDLE_ID).tests";
				PRODUCT_NAME = BambuGatewayTests;
				SDKROOT = iphoneos;
				SWIFT_VERSION = 5.0;
				TARGETED_DEVICE_FAMILY = "1,2";
				TEST_HOST = "$(BUILT_PRODUCTS_DIR)/BambuGateway.app/BambuGateway";
			};
			name = Debug;
		};
		BA1E948E87D39A9B9BB9FDE0 /* Release */ = {
			isa = XCBuildConfiguration;
			baseConfigurationReference = BB6EAF5F859F19DD2BA7568F /* Base.xcconfig */;
			buildSettings = {
				BUNDLE_LOADER = "$(TEST_HOST)";
				DEVELOPMENT_TEAM = "$(DEVELOPMENT_TEAM)";
				GENERATE_INFOPLIST_FILE = YES;
				IPHONEOS_DEPLOYMENT_TARGET = 18.0;
				LD_RUNPATH_SEARCH_PATHS = (
					"$(inherited)",
					"@executable_path/Frameworks",
					"@loader_path/Frameworks",
				);
				PRODUCT_BUNDLE_IDENTIFIER = "$(APP_BUNDLE_ID).tests";
				PRODUCT_NAME = BambuGatewayTests;
				SDKROOT = iphoneos;
				SWIFT_VERSION = 5.0;
				TARGETED_DEVICE_FAMILY = "1,2";
				TEST_HOST = "$(BUILT_PRODUCTS_DIR)/BambuGateway.app/BambuGateway";
			};
			name = Release;
		};
		C96D97FEF30E118EB512BB7B /* Release */ = {
			isa = XCBuildConfiguration;
			baseConfigurationReference = BB6EAF5F859F19DD2BA7568F /* Base.xcconfig */;
			buildSettings = {
				CODE_SIGN_STYLE = Automatic;
				DEVELOPMENT_TEAM = "$(DEVELOPMENT_TEAM)";
				GENERATE_INFOPLIST_FILE = NO;
				INFOPLIST_FILE = ShareExtension/Info.plist;
				IPHONEOS_DEPLOYMENT_TARGET = 18.0;
				LD_RUNPATH_SEARCH_PATHS = (
					"$(inherited)",
					"@executable_path/Frameworks",
					"@executable_path/../../Frameworks",
				);
				PRODUCT_BUNDLE_IDENTIFIER = "$(SHARE_EXTENSION_BUNDLE_ID)";
				PRODUCT_NAME = ShareExtension;
				SDKROOT = iphoneos;
				SWIFT_VERSION = 5.0;
				TARGETED_DEVICE_FAMILY = "1,2";
			};
			name = Release;
		};
		CC8B2AE9E6A7CDD89B614CBC /* Release */ = {
			isa = XCBuildConfiguration;
			baseConfigurationReference = BB6EAF5F859F19DD2BA7568F /* Base.xcconfig */;
			buildSettings = {
				ASSETCATALOG_COMPILER_APPICON_NAME = AppIcon;
				ASSETCATALOG_COMPILER_GLOBAL_ACCENT_COLOR_NAME = AccentColor;
				CODE_SIGN_ENTITLEMENTS = BambuGateway/Support/BambuGateway.entitlements;
				DEVELOPMENT_TEAM = "$(DEVELOPMENT_TEAM)";
				ENABLE_USER_SCRIPT_SANDBOXING = YES;
				INFOPLIST_FILE = BambuGateway/Support/Info.plist;
				IPHONEOS_DEPLOYMENT_TARGET = 18.0;
				LD_RUNPATH_SEARCH_PATHS = (
					"$(inherited)",
					"@executable_path/Frameworks",
				);
				OTHER_LDFLAGS = (
					"-lz",
				);
				PRODUCT_NAME = BambuGateway;
				SDKROOT = iphoneos;
				SUPPORTS_MACCATALYST = NO;
				SUPPORTS_XR_DESIGNED_FOR_IPHONE_IPAD = NO;
				SWIFT_STRICT_CONCURRENCY = minimal;
				TARGETED_DEVICE_FAMILY = "1,2";
			};
			name = Release;
		};
		DA5356EB416FE8ED9AE10BB8 /* Debug */ = {
			isa = XCBuildConfiguration;
			buildSettings = {
				ALWAYS_SEARCH_USER_PATHS = NO;
				CLANG_ANALYZER_NONNULL = YES;
				CLANG_ANALYZER_NUMBER_OBJECT_CONVERSION = YES_AGGRESSIVE;
				CLANG_CXX_LANGUAGE_STANDARD = "gnu++14";
				CLANG_CXX_LIBRARY = "libc++";
				CLANG_ENABLE_MODULES = YES;
				CLANG_ENABLE_OBJC_ARC = YES;
				CLANG_ENABLE_OBJC_WEAK = YES;
				CLANG_WARN_BLOCK_CAPTURE_AUTORELEASING = YES;
				CLANG_WARN_BOOL_CONVERSION = YES;
				CLANG_WARN_COMMA = YES;
				CLANG_WARN_CONSTANT_CONVERSION = YES;
				CLANG_WARN_DEPRECATED_OBJC_IMPLEMENTATIONS = YES;
				CLANG_WARN_DIRECT_OBJC_ISA_USAGE = YES_ERROR;
				CLANG_WARN_DOCUMENTATION_COMMENTS = YES;
				CLANG_WARN_EMPTY_BODY = YES;
				CLANG_WARN_ENUM_CONVERSION = YES;
				CLANG_WARN_INFINITE_RECURSION = YES;
				CLANG_WARN_INT_CONVERSION = YES;
				CLANG_WARN_NON_LITERAL_NULL_CONVERSION = YES;
				CLANG_WARN_OBJC_IMPLICIT_RETAIN_SELF = YES;
				CLANG_WARN_OBJC_LITERAL_CONVERSION = YES;
				CLANG_WARN_OBJC_ROOT_CLASS = YES_ERROR;
				CLANG_WARN_QUOTED_INCLUDE_IN_FRAMEWORK_HEADER = YES;
				CLANG_WARN_RANGE_LOOP_ANALYSIS = YES;
				CLANG_WARN_STRICT_PROTOTYPES = YES;
				CLANG_WARN_SUSPICIOUS_MOVE = YES;
				CLANG_WARN_UNGUARDED_AVAILABILITY = YES_AGGRESSIVE;
				CLANG_WARN_UNREACHABLE_CODE = YES;
				CLANG_WARN__DUPLICATE_METHOD_MATCH = YES;
				CODE_SIGN_STYLE = Automatic;
				COPY_PHASE_STRIP = NO;
				CURRENT_PROJECT_VERSION = 7;
				DEBUG_INFORMATION_FORMAT = dwarf;
				ENABLE_STRICT_OBJC_MSGSEND = YES;
				ENABLE_TESTABILITY = YES;
				GCC_C_LANGUAGE_STANDARD = gnu11;
				GCC_DYNAMIC_NO_PIC = NO;
				GCC_NO_COMMON_BLOCKS = YES;
				GCC_OPTIMIZATION_LEVEL = 0;
				GCC_PREPROCESSOR_DEFINITIONS = (
					"$(inherited)",
					"DEBUG=1",
				);
				GCC_WARN_64_TO_32_BIT_CONVERSION = YES;
				GCC_WARN_ABOUT_RETURN_TYPE = YES_ERROR;
				GCC_WARN_UNDECLARED_SELECTOR = YES;
				GCC_WARN_UNINITIALIZED_AUTOS = YES_AGGRESSIVE;
				GCC_WARN_UNUSED_FUNCTION = YES;
				GCC_WARN_UNUSED_VARIABLE = YES;
				GENERATE_INFOPLIST_FILE = NO;
				INFOPLIST_FILE = BambuGateway/Support/Info.plist;
				IPHONEOS_DEPLOYMENT_TARGET = 18.0;
				MARKETING_VERSION = 1.5;
				MTL_ENABLE_DEBUG_INFO = INCLUDE_SOURCE;
				MTL_FAST_MATH = YES;
				ONLY_ACTIVE_ARCH = YES;
				PRODUCT_BUNDLE_IDENTIFIER = "$(APP_BUNDLE_ID)";
				PRODUCT_NAME = "$(TARGET_NAME)";
				SDKROOT = iphoneos;
				SWIFT_ACTIVE_COMPILATION_CONDITIONS = DEBUG;
				SWIFT_OPTIMIZATION_LEVEL = "-Onone";
				SWIFT_VERSION = 5.0;
				TARGETED_DEVICE_FAMILY = "1,2";
			};
			name = Debug;
		};
/* End XCBuildConfiguration section */

/* Begin XCConfigurationList section */
		0E4982F16F5B4BD6286508D1 /* Build configuration list for PBXNativeTarget "BambuGatewayTests" */ = {
			isa = XCConfigurationList;
			buildConfigurations = (
				821A8ED0CEDD7F7AD259453E /* Debug */,
				BA1E948E87D39A9B9BB9FDE0 /* Release */,
			);
			defaultConfigurationIsVisible = 0;
			defaultConfigurationName = Debug;
		};
		28FE0E962E93135EDAD5DF0B /* Build configuration list for PBXProject "BambuGateway" */ = {
			isa = XCConfigurationList;
			buildConfigurations = (
				DA5356EB416FE8ED9AE10BB8 /* Debug */,
				7926F6C754AD45E37F4B18B5 /* Release */,
			);
			defaultConfigurationIsVisible = 0;
			defaultConfigurationName = Debug;
		};
		860318F84DDED47AA2DA62FD /* Build configuration list for PBXNativeTarget "BambuGateway" */ = {
			isa = XCConfigurationList;
			buildConfigurations = (
				6A801B062AA69BD82A4DB374 /* Debug */,
				CC8B2AE9E6A7CDD89B614CBC /* Release */,
			);
			defaultConfigurationIsVisible = 0;
			defaultConfigurationName = Debug;
		};
		E7143E82E3A218A39DBDEA4E /* Build configuration list for PBXNativeTarget "LiveActivityExtension" */ = {
			isa = XCConfigurationList;
			buildConfigurations = (
				804E66E514E0B3CC9C0D9282 /* Debug */,
				16FFD95C75DDB4007B783CF4 /* Release */,
			);
			defaultConfigurationIsVisible = 0;
			defaultConfigurationName = Debug;
		};
		EF8EF2B78283CFAA1B047AAF /* Build configuration list for PBXNativeTarget "ShareExtension" */ = {
			isa = XCConfigurationList;
			buildConfigurations = (
				23D96F97AC995A5907C16809 /* Debug */,
				C96D97FEF30E118EB512BB7B /* Release */,
			);
			defaultConfigurationIsVisible = 0;
			defaultConfigurationName = Debug;
		};
/* End XCConfigurationList section */

/* Begin XCRemoteSwiftPackageReference section */
		A5C2CD4C597FA88745434145 /* XCRemoteSwiftPackageReference "MobileVLCKit-SPM" */ = {
			isa = XCRemoteSwiftPackageReference;
			repositoryURL = "https://github.com/MobileVLCKit-SPM/MobileVLCKit-SPM";
			requirement = {
				kind = exactVersion;
				version = 3.7.3;
			};
		};
		DD933A013442A429FFF4FB80 /* XCRemoteSwiftPackageReference "GCodePreview" */ = {
			isa = XCRemoteSwiftPackageReference;
			repositoryURL = "https://github.com/leolobato/GCodePreview";
			requirement = {
				kind = exactVersion;
				version = 1.0.1;
			};
		};
/* End XCRemoteSwiftPackageReference section */

/* Begin XCSwiftPackageProductDependency section */
		4E1548E9D0BF21D3D57713BE /* MobileVLCKit */ = {
			isa = XCSwiftPackageProductDependency;
			package = A5C2CD4C597FA88745434145 /* XCRemoteSwiftPackageReference "MobileVLCKit-SPM" */;
			productName = MobileVLCKit;
		};
		85BFD403F2AE24BB83C64D31 /* GCodePreview */ = {
			isa = XCSwiftPackageProductDependency;
			package = DD933A013442A429FFF4FB80 /* XCRemoteSwiftPackageReference "GCodePreview" */;
			productName = GCodePreview;
		};
/* End XCSwiftPackageProductDependency section */
	};
	rootObject = 77B531BC7B6BA85A43566826 /* Project object */;
}
