{
  "originHash" : "bc00120c389ddc5225b7181dc8e5d125208c47249e10052cdeadf391d5277a58",
  "pins" : [
    {
      "identity" : "gcodepreview",
      "kind" : "remoteSourceControl",
      "location" : "https://github.com/leolobato/GCodePreview",
      "state" : {
        "revision" : "848506d2098590a0bc9d5c3b046995e5c623e1f8",
        "version" : "1.0.1"
      }
    }
  ],
  "version" : 3
}
